// !$*UTF8*$!
{
	archiveVersion = 1;
	classes = {
	};
	objectVersion = 56;
	objects = {

/* Begin PBXBuildFile section */
		2C4869CA2B7A5BC000CBEDC2 /* Onboarding.swift in Sources */ = {isa = PBXBuildFile; fileRef = 2C4869C92B7A5BC000CBEDC2 /* Onboarding.swift */; };
		2CB1EC062B8F536F006ABDC4 /* NavigationSearchBar in Frameworks */ = {isa = PBXBuildFile; productRef = 2CB1EC052B8F536F006ABDC4 /* NavigationSearchBar */; };
		2CD45C192B85FA360045E398 /* Localizable.strings in Resources */ = {isa = PBXBuildFile; fileRef = 2CD45C1B2B85FA360045E398 /* Localizable.strings */; };
		CD4C73B62B95D893009F9838 /* NetworkMonitor.swift in Sources */ = {isa = PBXBuildFile; fileRef = CD4C73B52B95D893009F9838 /* NetworkMonitor.swift */; };
		E430E0202B7CDDED00C1B61C /* Colors.swift in Sources */ = {isa = PBXBuildFile; fileRef = E430E01F2B7CDDED00C1B61C /* Colors.swift */; };
		E43FB0FC2B7ACAC100B431C7 /* Card.swift in Sources */ = {isa = PBXBuildFile; fileRef = E43FB0FB2B7ACAC100B431C7 /* Card.swift */; };
		E447BB022B7E2B1D00A94E91 /* SwiftSoup in Frameworks */ = {isa = PBXBuildFile; productRef = E447BB012B7E2B1D00A94E91 /* SwiftSoup */; };
		E46569F12B7A1BC800EBF1E0 /* WednesdayApp.swift in Sources */ = {isa = PBXBuildFile; fileRef = E46569F02B7A1BC800EBF1E0 /* WednesdayApp.swift */; };
		E46569F32B7A1BC800EBF1E0 /* ContentView.swift in Sources */ = {isa = PBXBuildFile; fileRef = E46569F22B7A1BC800EBF1E0 /* ContentView.swift */; };
		E46569F72B7A1BCA00EBF1E0 /* Assets.xcassets in Resources */ = {isa = PBXBuildFile; fileRef = E46569F62B7A1BCA00EBF1E0 /* Assets.xcassets */; };
		E46569FA2B7A1BCA00EBF1E0 /* Preview Assets.xcassets in Resources */ = {isa = PBXBuildFile; fileRef = E46569F92B7A1BCA00EBF1E0 /* Preview Assets.xcassets */; };
		E4656A012B7A1FA300EBF1E0 /* Chronology.swift in Sources */ = {isa = PBXBuildFile; fileRef = E4656A002B7A1FA300EBF1E0 /* Chronology.swift */; };
		E4656A032B7A1FAF00EBF1E0 /* Favourites.swift in Sources */ = {isa = PBXBuildFile; fileRef = E4656A022B7A1FAF00EBF1E0 /* Favourites.swift */; };
		E4656A052B7A213F00EBF1E0 /* Scanning.swift in Sources */ = {isa = PBXBuildFile; fileRef = E4656A042B7A213F00EBF1E0 /* Scanning.swift */; };
		E4656A092B7A2BBB00EBF1E0 /* InfoPrivacy.plist in Resources */ = {isa = PBXBuildFile; fileRef = E4656A082B7A2BBB00EBF1E0 /* InfoPrivacy.plist */; };
		E4A9A90D2B84E58B00F0A579 /* ProductView.swift in Sources */ = {isa = PBXBuildFile; fileRef = E4A9A90C2B84E58B00F0A579 /* ProductView.swift */; };
/* End PBXBuildFile section */

/* Begin PBXFileReference section */
		2C4869C92B7A5BC000CBEDC2 /* Onboarding.swift */ = {isa = PBXFileReference; lastKnownFileType = sourcecode.swift; path = Onboarding.swift; sourceTree = "<group>"; };
		2CD45C1A2B85FA360045E398 /* en */ = {isa = PBXFileReference; lastKnownFileType = text.plist.strings; name = en; path = en.lproj/Localizable.strings; sourceTree = "<group>"; };
		2CD45C1C2B85FA380045E398 /* it */ = {isa = PBXFileReference; lastKnownFileType = text.plist.strings; name = it; path = it.lproj/Localizable.strings; sourceTree = "<group>"; };
		CD4C73B52B95D893009F9838 /* NetworkMonitor.swift */ = {isa = PBXFileReference; lastKnownFileType = sourcecode.swift; path = NetworkMonitor.swift; sourceTree = "<group>"; };
		E430E01F2B7CDDED00C1B61C /* Colors.swift */ = {isa = PBXFileReference; lastKnownFileType = sourcecode.swift; path = Colors.swift; sourceTree = "<group>"; };
		E43FB0FB2B7ACAC100B431C7 /* Card.swift */ = {isa = PBXFileReference; lastKnownFileType = sourcecode.swift; path = Card.swift; sourceTree = "<group>"; };
		E46569ED2B7A1BC800EBF1E0 /* BunCode.app */ = {isa = PBXFileReference; explicitFileType = wrapper.application; includeInIndex = 0; path = BunCode.app; sourceTree = BUILT_PRODUCTS_DIR; };
		E46569F02B7A1BC800EBF1E0 /* WednesdayApp.swift */ = {isa = PBXFileReference; lastKnownFileType = sourcecode.swift; path = WednesdayApp.swift; sourceTree = "<group>"; };
		E46569F22B7A1BC800EBF1E0 /* ContentView.swift */ = {isa = PBXFileReference; lastKnownFileType = sourcecode.swift; path = ContentView.swift; sourceTree = "<group>"; };
		E46569F62B7A1BCA00EBF1E0 /* Assets.xcassets */ = {isa = PBXFileReference; lastKnownFileType = folder.assetcatalog; path = Assets.xcassets; sourceTree = "<group>"; };
		E46569F92B7A1BCA00EBF1E0 /* Preview Assets.xcassets */ = {isa = PBXFileReference; lastKnownFileType = folder.assetcatalog; path = "Preview Assets.xcassets"; sourceTree = "<group>"; };
		E4656A002B7A1FA300EBF1E0 /* Chronology.swift */ = {isa = PBXFileReference; lastKnownFileType = sourcecode.swift; path = Chronology.swift; sourceTree = "<group>"; };
		E4656A022B7A1FAF00EBF1E0 /* Favourites.swift */ = {isa = PBXFileReference; lastKnownFileType = sourcecode.swift; path = Favourites.swift; sourceTree = "<group>"; };
		E4656A042B7A213F00EBF1E0 /* Scanning.swift */ = {isa = PBXFileReference; lastKnownFileType = sourcecode.swift; path = Scanning.swift; sourceTree = "<group>"; };
		E4656A082B7A2BBB00EBF1E0 /* InfoPrivacy.plist */ = {isa = PBXFileReference; lastKnownFileType = text.plist.xml; path = InfoPrivacy.plist; sourceTree = "<group>"; };
		E4A9A90C2B84E58B00F0A579 /* ProductView.swift */ = {isa = PBXFileReference; lastKnownFileType = sourcecode.swift; path = ProductView.swift; sourceTree = "<group>"; };
/* End PBXFileReference section */

/* Begin PBXFrameworksBuildPhase section */
		E46569EA2B7A1BC800EBF1E0 /* Frameworks */ = {
			isa = PBXFrameworksBuildPhase;
			buildActionMask = 2147483647;
			files = (
				2CB1EC062B8F536F006ABDC4 /* NavigationSearchBar in Frameworks */,
				E447BB022B7E2B1D00A94E91 /* SwiftSoup in Frameworks */,
			);
			runOnlyForDeploymentPostprocessing = 0;
		};
/* End PBXFrameworksBuildPhase section */

/* Begin PBXGroup section */
		E46569E42B7A1BC800EBF1E0 = {
			isa = PBXGroup;
			children = (
				2CD45C1B2B85FA360045E398 /* Localizable.strings */,
				E46569EF2B7A1BC800EBF1E0 /* Wednesday */,
				E46569EE2B7A1BC800EBF1E0 /* Products */,
			);
			sourceTree = "<group>";
		};
		E46569EE2B7A1BC800EBF1E0 /* Products */ = {
			isa = PBXGroup;
			children = (
				E46569ED2B7A1BC800EBF1E0 /* BunCode.app */,
			);
			name = Products;
			sourceTree = "<group>";
		};
		E46569EF2B7A1BC800EBF1E0 /* Wednesday */ = {
			isa = PBXGroup;
			children = (
				E46569F62B7A1BCA00EBF1E0 /* Assets.xcassets */,
				E43FB0FB2B7ACAC100B431C7 /* Card.swift */,
				E430E01F2B7CDDED00C1B61C /* Colors.swift */,
				E46569F22B7A1BC800EBF1E0 /* ContentView.swift */,
				E4656A022B7A1FAF00EBF1E0 /* Favourites.swift */,
				E4656A002B7A1FA300EBF1E0 /* Chronology.swift */,
				E4656A082B7A2BBB00EBF1E0 /* InfoPrivacy.plist */,
				2C4869C92B7A5BC000CBEDC2 /* Onboarding.swift */,
				E4656A042B7A213F00EBF1E0 /* Scanning.swift */,
				E46569F02B7A1BC800EBF1E0 /* WednesdayApp.swift */,
				E46569F82B7A1BCA00EBF1E0 /* Preview Content */,
				E4A9A90C2B84E58B00F0A579 /* ProductView.swift */,
				CD4C73B52B95D893009F9838 /* NetworkMonitor.swift */,
			);
			path = Wednesday;
			sourceTree = "<group>";
		};
		E46569F82B7A1BCA00EBF1E0 /* Preview Content */ = {
			isa = PBXGroup;
			children = (
				E46569F92B7A1BCA00EBF1E0 /* Preview Assets.xcassets */,
			);
			path = "Preview Content";
			sourceTree = "<group>";
		};
/* End PBXGroup section */

/* Begin PBXNativeTarget section */
		E46569EC2B7A1BC800EBF1E0 /* BunCode */ = {
			isa = PBXNativeTarget;
			buildConfigurationList = E46569FD2B7A1BCA00EBF1E0 /* Build configuration list for PBXNativeTarget "BunCode" */;
			buildPhases = (
				E46569E92B7A1BC800EBF1E0 /* Sources */,
				E46569EA2B7A1BC800EBF1E0 /* Frameworks */,
				E46569EB2B7A1BC800EBF1E0 /* Resources */,
			);
			buildRules = (
			);
			dependencies = (
			);
			name = BunCode;
			packageProductDependencies = (
				E447BB012B7E2B1D00A94E91 /* SwiftSoup */,
				2CB1EC052B8F536F006ABDC4 /* NavigationSearchBar */,
			);
			productName = Wednesday;
			productReference = E46569ED2B7A1BC800EBF1E0 /* BunCode.app */;
			productType = "com.apple.product-type.application";
		};
/* End PBXNativeTarget section */

/* Begin PBXProject section */
		E46569E52B7A1BC800EBF1E0 /* Project object */ = {
			isa = PBXProject;
			attributes = {
				BuildIndependentTargetsInParallel = 1;
				LastSwiftUpdateCheck = 1520;
				LastUpgradeCheck = 1520;
				TargetAttributes = {
					E46569EC2B7A1BC800EBF1E0 = {
						CreatedOnToolsVersion = 15.2;
					};
				};
			};
			buildConfigurationList = E46569E82B7A1BC800EBF1E0 /* Build configuration list for PBXProject "Wednesday" */;
			compatibilityVersion = "Xcode 14.0";
			developmentRegion = en;
			hasScannedForEncodings = 0;
			knownRegions = (
				en,
				Base,
				it,
			);
			mainGroup = E46569E42B7A1BC800EBF1E0;
			packageReferences = (
				E447BB002B7E2B1D00A94E91 /* XCRemoteSwiftPackageReference "SwiftSoup" */,
				2CB1EC042B8F536F006ABDC4 /* XCRemoteSwiftPackageReference "NavigationSearchBar" */,
			);
			productRefGroup = E46569EE2B7A1BC800EBF1E0 /* Products */;
			projectDirPath = "";
			projectRoot = "";
			targets = (
				E46569EC2B7A1BC800EBF1E0 /* BunCode */,
			);
		};
/* End PBXProject section */

/* Begin PBXResourcesBuildPhase section */
		E46569EB2B7A1BC800EBF1E0 /* Resources */ = {
			isa = PBXResourcesBuildPhase;
			buildActionMask = 2147483647;
			files = (
				E46569FA2B7A1BCA00EBF1E0 /* Preview Assets.xcassets in Resources */,
				2CD45C192B85FA360045E398 /* Localizable.strings in Resources */,
				E46569F72B7A1BCA00EBF1E0 /* Assets.xcassets in Resources */,
				E4656A092B7A2BBB00EBF1E0 /* InfoPrivacy.plist in Resources */,
			);
			runOnlyForDeploymentPostprocessing = 0;
		};
/* End PBXResourcesBuildPhase section */

/* Begin PBXSourcesBuildPhase section */
		E46569E92B7A1BC800EBF1E0 /* Sources */ = {
			isa = PBXSourcesBuildPhase;
			buildActionMask = 2147483647;
			files = (
				E4656A052B7A213F00EBF1E0 /* Scanning.swift in Sources */,
				E430E0202B7CDDED00C1B61C /* Colors.swift in Sources */,
				E43FB0FC2B7ACAC100B431C7 /* Card.swift in Sources */,
				E4656A032B7A1FAF00EBF1E0 /* Favourites.swift in Sources */,
				E46569F32B7A1BC800EBF1E0 /* ContentView.swift in Sources */,
				E4A9A90D2B84E58B00F0A579 /* ProductView.swift in Sources */,
				E4656A012B7A1FA300EBF1E0 /* Chronology.swift in Sources */,
				CD4C73B62B95D893009F9838 /* NetworkMonitor.swift in Sources */,
				E46569F12B7A1BC800EBF1E0 /* WednesdayApp.swift in Sources */,
				2C4869CA2B7A5BC000CBEDC2 /* Onboarding.swift in Sources */,
			);
			runOnlyForDeploymentPostprocessing = 0;
		};
/* End PBXSourcesBuildPhase section */

/* Begin PBXVariantGroup section */
		2CD45C1B2B85FA360045E398 /* Localizable.strings */ = {
			isa = PBXVariantGroup;
			children = (
				2CD45C1A2B85FA360045E398 /* en */,
				2CD45C1C2B85FA380045E398 /* it */,
			);
			name = Localizable.strings;
			sourceTree = "<group>";
		};
/* End PBXVariantGroup section */

/* Begin XCBuildConfiguration section */
		E46569FB2B7A1BCA00EBF1E0 /* Debug */ = {
			isa = XCBuildConfiguration;
			buildSettings = {
				ALWAYS_SEARCH_USER_PATHS = NO;
				ASSETCATALOG_COMPILER_GENERATE_SWIFT_ASSET_SYMBOL_EXTENSIONS = YES;
				CLANG_ANALYZER_NONNULL = YES;
				CLANG_ANALYZER_NUMBER_OBJECT_CONVERSION = YES_AGGRESSIVE;
				CLANG_CXX_LANGUAGE_STANDARD = "gnu++20";
				CLANG_ENABLE_MODULES = YES;
				CLANG_ENABLE_OBJC_ARC = YES;
				CLANG_ENABLE_OBJC_WEAK = YES;
				CLANG_WARN_BLOCK_CAPTURE_AUTORELEASING = YES;
				CLANG_WARN_BOOL_CONVERSION = YES;
				CLANG_WARN_COMMA = YES;
				CLANG_WARN_CONSTANT_CONVERSION = YES;
				CLANG_WARN_DEPRECATED_OBJC_IMPLEMENTATIONS = YES;
				CLANG_WARN_DIRECT_OBJC_ISA_USAGE = YES_ERROR;
				CLANG_WARN_DOCUMENTATION_COMMENTS = YES;
				CLANG_WARN_EMPTY_BODY = YES;
				CLANG_WARN_ENUM_CONVERSION = YES;
				CLANG_WARN_INFINITE_RECURSION = YES;
				CLANG_WARN_INT_CONVERSION = YES;
				CLANG_WARN_NON_LITERAL_NULL_CONVERSION = YES;
				CLANG_WARN_OBJC_IMPLICIT_RETAIN_SELF = YES;
				CLANG_WARN_OBJC_LITERAL_CONVERSION = YES;
				CLANG_WARN_OBJC_ROOT_CLASS = YES_ERROR;
				CLANG_WARN_QUOTED_INCLUDE_IN_FRAMEWORK_HEADER = YES;
				CLANG_WARN_RANGE_LOOP_ANALYSIS = YES;
				CLANG_WARN_STRICT_PROTOTYPES = YES;
				CLANG_WARN_SUSPICIOUS_MOVE = YES;
				CLANG_WARN_UNGUARDED_AVAILABILITY = YES_AGGRESSIVE;
				CLANG_WARN_UNREACHABLE_CODE = YES;
				CLANG_WARN__DUPLICATE_METHOD_MATCH = YES;
				COPY_PHASE_STRIP = NO;
				DEBUG_INFORMATION_FORMAT = dwarf;
				ENABLE_STRICT_OBJC_MSGSEND = YES;
				ENABLE_TESTABILITY = YES;
				ENABLE_USER_SCRIPT_SANDBOXING = YES;
				GCC_C_LANGUAGE_STANDARD = gnu17;
				GCC_DYNAMIC_NO_PIC = NO;
				GCC_NO_COMMON_BLOCKS = YES;
				GCC_OPTIMIZATION_LEVEL = 0;
				GCC_PREPROCESSOR_DEFINITIONS = (
					"DEBUG=1",
					"$(inherited)",
				);
				GCC_WARN_64_TO_32_BIT_CONVERSION = YES;
				GCC_WARN_ABOUT_RETURN_TYPE = YES_ERROR;
				GCC_WARN_UNDECLARED_SELECTOR = YES;
				GCC_WARN_UNINITIALIZED_AUTOS = YES_AGGRESSIVE;
				GCC_WARN_UNUSED_FUNCTION = YES;
				GCC_WARN_UNUSED_VARIABLE = YES;
				IPHONEOS_DEPLOYMENT_TARGET = 17.2;
				LOCALIZATION_PREFERS_STRING_CATALOGS = YES;
				MTL_ENABLE_DEBUG_INFO = INCLUDE_SOURCE;
				MTL_FAST_MATH = YES;
				ONLY_ACTIVE_ARCH = YES;
				SDKROOT = iphoneos;
				SWIFT_ACTIVE_COMPILATION_CONDITIONS = "DEBUG $(inherited)";
				SWIFT_OPTIMIZATION_LEVEL = "-Onone";
			};
			name = Debug;
		};
		E46569FC2B7A1BCA00EBF1E0 /* Release */ = {
			isa = XCBuildConfiguration;
			buildSettings = {
				ALWAYS_SEARCH_USER_PATHS = NO;
				ASSETCATALOG_COMPILER_GENERATE_SWIFT_ASSET_SYMBOL_EXTENSIONS = YES;
				CLANG_ANALYZER_NONNULL = YES;
				CLANG_ANALYZER_NUMBER_OBJECT_CONVERSION = YES_AGGRESSIVE;
				CLANG_CXX_LANGUAGE_STANDARD = "gnu++20";
				CLANG_ENABLE_MODULES = YES;
				CLANG_ENABLE_OBJC_ARC = YES;
				CLANG_ENABLE_OBJC_WEAK = YES;
				CLANG_WARN_BLOCK_CAPTURE_AUTORELEASING = YES;
				CLANG_WARN_BOOL_CONVERSION = YES;
				CLANG_WARN_COMMA = YES;
				CLANG_WARN_CONSTANT_CONVERSION = YES;
				CLANG_WARN_DEPRECATED_OBJC_IMPLEMENTATIONS = YES;
				CLANG_WARN_DIRECT_OBJC_ISA_USAGE = YES_ERROR;
				CLANG_WARN_DOCUMENTATION_COMMENTS = YES;
				CLANG_WARN_EMPTY_BODY = YES;
				CLANG_WARN_ENUM_CONVERSION = YES;
				CLANG_WARN_INFINITE_RECURSION = YES;
				CLANG_WARN_INT_CONVERSION = YES;
				CLANG_WARN_NON_LITERAL_NULL_CONVERSION = YES;
				CLANG_WARN_OBJC_IMPLICIT_RETAIN_SELF = YES;
				CLANG_WARN_OBJC_LITERAL_CONVERSION = YES;
				CLANG_WARN_OBJC_ROOT_CLASS = YES_ERROR;
				CLANG_WARN_QUOTED_INCLUDE_IN_FRAMEWORK_HEADER = YES;
				CLANG_WARN_RANGE_LOOP_ANALYSIS = YES;
				CLANG_WARN_STRICT_PROTOTYPES = YES;
				CLANG_WARN_SUSPICIOUS_MOVE = YES;
				CLANG_WARN_UNGUARDED_AVAILABILITY = YES_AGGRESSIVE;
				CLANG_WARN_UNREACHABLE_CODE = YES;
				CLANG_WARN__DUPLICATE_METHOD_MATCH = YES;
				COPY_PHASE_STRIP = NO;
				DEBUG_INFORMATION_FORMAT = "dwarf-with-dsym";
				ENABLE_NS_ASSERTIONS = NO;
				ENABLE_STRICT_OBJC_MSGSEND = YES;
				ENABLE_USER_SCRIPT_SANDBOXING = YES;
				GCC_C_LANGUAGE_STANDARD = gnu17;
				GCC_NO_COMMON_BLOCKS = YES;
				GCC_WARN_64_TO_32_BIT_CONVERSION = YES;
				GCC_WARN_ABOUT_RETURN_TYPE = YES_ERROR;
				GCC_WARN_UNDECLARED_SELECTOR = YES;
				GCC_WARN_UNINITIALIZED_AUTOS = YES_AGGRESSIVE;
				GCC_WARN_UNUSED_FUNCTION = YES;
				GCC_WARN_UNUSED_VARIABLE = YES;
				IPHONEOS_DEPLOYMENT_TARGET = 17.2;
				LOCALIZATION_PREFERS_STRING_CATALOGS = YES;
				MTL_ENABLE_DEBUG_INFO = NO;
				MTL_FAST_MATH = YES;
				SDKROOT = iphoneos;
				SWIFT_COMPILATION_MODE = wholemodule;
				VALIDATE_PRODUCT = YES;
			};
			name = Release;
		};
		E46569FE2B7A1BCA00EBF1E0 /* Debug */ = {
			isa = XCBuildConfiguration;
			buildSettings = {
				ASSETCATALOG_COMPILER_APPICON_NAME = AppIcon;
				ASSETCATALOG_COMPILER_GLOBAL_ACCENT_COLOR_NAME = AccentColor;
				CODE_SIGN_STYLE = Automatic;
				CURRENT_PROJECT_VERSION = 2.2;
				DEVELOPMENT_ASSET_PATHS = "\"Wednesday/Preview Content\"";
				DEVELOPMENT_TEAM = 6R2JUS5B89;
				ENABLE_PREVIEWS = YES;
				GENERATE_INFOPLIST_FILE = YES;
				INFOPLIST_KEY_CFBundleDisplayName = BunCode;
				INFOPLIST_KEY_LSApplicationCategoryType = "public.app-category.lifestyle";
				INFOPLIST_KEY_NSCameraUsageDescription = "To detect barcode";
				INFOPLIST_KEY_UIApplicationSceneManifest_Generation = YES;
				INFOPLIST_KEY_UIApplicationSupportsIndirectInputEvents = YES;
				INFOPLIST_KEY_UILaunchScreen_Generation = YES;
				INFOPLIST_KEY_UISupportedInterfaceOrientations = "UIInterfaceOrientationPortrait UIInterfaceOrientationPortraitUpsideDown";
				INFOPLIST_KEY_UISupportedInterfaceOrientations_iPad = "UIInterfaceOrientationLandscapeLeft UIInterfaceOrientationLandscapeRight UIInterfaceOrientationPortrait UIInterfaceOrientationPortraitUpsideDown";
				INFOPLIST_KEY_UIUserInterfaceStyle = Light;
				LD_RUNPATH_SEARCH_PATHS = (
					"$(inherited)",
					"@executable_path/Frameworks",
				);
				MARKETING_VERSION = 2.2;
				PRODUCT_BUNDLE_IDENTIFIER = com.mariaconcettaarena.Wednesday;
				PRODUCT_NAME = "$(TARGET_NAME)";
				SWIFT_EMIT_LOC_STRINGS = YES;
				SWIFT_VERSION = 5.0;
				TARGETED_DEVICE_FAMILY = "1,2";
			};
			name = Debug;
		};
		E46569FF2B7A1BCA00EBF1E0 /* Release */ = {
			isa = XCBuildConfiguration;
			buildSettings = {
				ASSETCATALOG_COMPILER_APPICON_NAME = AppIcon;
				ASSETCATALOG_COMPILER_GLOBAL_ACCENT_COLOR_NAME = AccentColor;
				CODE_SIGN_STYLE = Automatic;
				CURRENT_PROJECT_VERSION = 2.2;
				DEVELOPMENT_ASSET_PATHS = "\"Wednesday/Preview Content\"";
				DEVELOPMENT_TEAM = 6R2JUS5B89;
				ENABLE_PREVIEWS = YES;
				GENERATE_INFOPLIST_FILE = YES;
				INFOPLIST_KEY_CFBundleDisplayName = BunCode;
				INFOPLIST_KEY_LSApplicationCategoryType = "public.app-category.lifestyle";
				INFOPLIST_KEY_NSCameraUsageDescription = "To detect barcode";
				INFOPLIST_KEY_UIApplicationSceneManifest_Generation = YES;
				INFOPLIST_KEY_UIApplicationSupportsIndirectInputEvents = YES;
				INFOPLIST_KEY_UILaunchScreen_Generation = YES;
				INFOPLIST_KEY_UISupportedInterfaceOrientations = "UIInterfaceOrientationPortrait UIInterfaceOrientationPortraitUpsideDown";
				INFOPLIST_KEY_UISupportedInterfaceOrientations_iPad = "UIInterfaceOrientationLandscapeLeft UIInterfaceOrientationLandscapeRight UIInterfaceOrientationPortrait UIInterfaceOrientationPortraitUpsideDown";
				INFOPLIST_KEY_UIUserInterfaceStyle = Light;
				LD_RUNPATH_SEARCH_PATHS = (
					"$(inherited)",
					"@executable_path/Frameworks",
				);
				MARKETING_VERSION = 2.2;
				"MARKETING_VERSION[sdk=*]" = 2.2;
				PRODUCT_BUNDLE_IDENTIFIER = com.mariaconcettaarena.Wednesday;
				PRODUCT_NAME = "$(TARGET_NAME)";
				SWIFT_EMIT_LOC_STRINGS = YES;
				SWIFT_VERSION = 5.0;
				TARGETED_DEVICE_FAMILY = "1,2";
			};
			name = Release;
		};
/* End XCBuildConfiguration section */

/* Begin XCConfigurationList section */
		E46569E82B7A1BC800EBF1E0 /* Build configuration list for PBXProject "Wednesday" */ = {
			isa = XCConfigurationList;
			buildConfigurations = (
				E46569FB2B7A1BCA00EBF1E0 /* Debug */,
				E46569FC2B7A1BCA00EBF1E0 /* Release */,
			);
			defaultConfigurationIsVisible = 0;
			defaultConfigurationName = Release;
		};
		E46569FD2B7A1BCA00EBF1E0 /* Build configuration list for PBXNativeTarget "BunCode" */ = {
			isa = XCConfigurationList;
			buildConfigurations = (
				E46569FE2B7A1BCA00EBF1E0 /* Debug */,
				E46569FF2B7A1BCA00EBF1E0 /* Release */,
			);
			defaultConfigurationIsVisible = 0;
			defaultConfigurationName = Release;
		};
/* End XCConfigurationList section */

/* Begin XCRemoteSwiftPackageReference section */
		2CB1EC042B8F536F006ABDC4 /* XCRemoteSwiftPackageReference "NavigationSearchBar" */ = {
			isa = XCRemoteSwiftPackageReference;
			repositoryURL = "https://github.com/markvanwijnen/NavigationSearchBar.git";
			requirement = {
				kind = upToNextMajorVersion;
				minimumVersion = 1.3.0;
			};
		};
		E447BB002B7E2B1D00A94E91 /* XCRemoteSwiftPackageReference "SwiftSoup" */ = {
			isa = XCRemoteSwiftPackageReference;
			repositoryURL = "https://github.com/scinfu/SwiftSoup";
			requirement = {
				kind = upToNextMajorVersion;
				minimumVersion = 2.7.1;
			};
		};
/* End XCRemoteSwiftPackageReference section */

/* Begin XCSwiftPackageProductDependency section */
		2CB1EC052B8F536F006ABDC4 /* NavigationSearchBar */ = {
			isa = XCSwiftPackageProductDependency;
			package = 2CB1EC042B8F536F006ABDC4 /* XCRemoteSwiftPackageReference "NavigationSearchBar" */;
			productName = NavigationSearchBar;
		};
		E447BB012B7E2B1D00A94E91 /* SwiftSoup */ = {
			isa = XCSwiftPackageProductDependency;
			package = E447BB002B7E2B1D00A94E91 /* XCRemoteSwiftPackageReference "SwiftSoup" */;
			productName = SwiftSoup;
		};
/* End XCSwiftPackageProductDependency section */
	};
	rootObject = E46569E52B7A1BC800EBF1E0 /* Project object */;
}
